// !$*UTF8*$!
{
	archiveVersion = 1;
	classes = {
	};
	objectVersion = 54;
	objects = {

/* Begin PBXAggregateTarget section */
		1EFDDC32A34D56D411E640A81DCD9E73 /* Flutter */ = {
			isa = PBXAggregateTarget;
			buildConfigurationList = 94078A06C17E946ADC1F2C06726219E5 /* Build configuration list for PBXAggregateTarget "Flutter" */;
			buildPhases = (
			);
			dependencies = (
			);
			name = Flutter;
		};
/* End PBXAggregateTarget section */

/* Begin PBXBuildFile section */
		0BA175778D56012C83C340D965FA7A4F /* ConnectionStatusHandler.swift in Sources */ = {isa = PBXBuildFile; fileRef = 0DF558A816B5CDB9086667D23B7B35CE /* ConnectionStatusHandler.swift */; };
		12784BA57EE52ECEA9B2FD02B7F643D4 /* Dictionary.swift in Sources */ = {isa = PBXBuildFile; fileRef = 4E1199E5BD8E863666B19B6C93E451C5 /* Dictionary.swift */; };
		15ED3D01A68967A6B940A8975F55A8E0 /* PlayerStateHandler.swift in Sources */ = {isa = PBXBuildFile; fileRef = 3E4D5E2850207924E586CF448BB1EFA3 /* PlayerStateHandler.swift */; };
		1E9FB18F6D767051D67E0656E053C083 /* SpotifyError.swift in Sources */ = {isa = PBXBuildFile; fileRef = 697C0E003C018490E50C8FFA36C9CB6C /* SpotifyError.swift */; };
		24C746D387640D008375503B65F88EF9 /* Pods-Runner-dummy.m in Sources */ = {isa = PBXBuildFile; fileRef = E794494AB90477BA94C681E994ADF341 /* Pods-Runner-dummy.m */; };
		39F63D029718BEABBEA32BBF32518409 /* Foundation.framework in Frameworks */ = {isa = PBXBuildFile; fileRef = 384DDA2CB25005BD6479B5987C619DD4 /* Foundation.framework */; };
		3E04D47DC7C944A63FE8B364E4DC1621 /* SpotifySdkPlugin.h in Headers */ = {isa = PBXBuildFile; fileRef = 3C38DB0BC2086EA17D7B7E6B22A94F10 /* SpotifySdkPlugin.h */; settings = {ATTRIBUTES = (Public, ); }; };
		4FD854678B5EC2397C57689FA4F0E070 /* Foundation.framework in Frameworks */ = {isa = PBXBuildFile; fileRef = 384DDA2CB25005BD6479B5987C619DD4 /* Foundation.framework */; };
		60DEA13A0B7394D7299EA9350A721D06 /* SpotifySdkConstants.swift in Sources */ = {isa = PBXBuildFile; fileRef = 18D74EFAE548136BB6FF188F5B245DCD /* SpotifySdkConstants.swift */; };
		6319C09BF4C71B8F710773391CDE0250 /* spotify_sdk-umbrella.h in Headers */ = {isa = PBXBuildFile; fileRef = 0A6F9152EFB252DD26977BA2929BE8FA /* spotify_sdk-umbrella.h */; settings = {ATTRIBUTES = (Public, ); }; };
		82F01760EB04F96A93062058A6C7F3DB /* spotify_sdk-dummy.m in Sources */ = {isa = PBXBuildFile; fileRef = 83F55BE270F31124141EBAE541ABDC74 /* spotify_sdk-dummy.m */; };
		98A8E2451CE130B553DDB4FB3F1F1E34 /* Pods-Runner-umbrella.h in Headers */ = {isa = PBXBuildFile; fileRef = 499E3722E8DACDC2AAA6C15AD1796520 /* Pods-Runner-umbrella.h */; settings = {ATTRIBUTES = (Public, ); }; };
		A0BD96F4EC51FF122FAAF4D0CA176C0F /* PlayerContextHandler.swift in Sources */ = {isa = PBXBuildFile; fileRef = 2BD22C528DBDFF4B220E5B5C76CB88CA /* PlayerContextHandler.swift */; };
		A4DF800C5DB0726BDC24E0E7F6C08384 /* SwiftSpotifySdkPlugin.swift in Sources */ = {isa = PBXBuildFile; fileRef = 74AC7784DC7900B01A8F0C2CA2CCB0CC /* SwiftSpotifySdkPlugin.swift */; };
		B375EA128E6579366091BAA390BBDD34 /* Pods-RunnerTests-dummy.m in Sources */ = {isa = PBXBuildFile; fileRef = 4D3DB54C128E3D88C0C9C7DDEA475ED7 /* Pods-RunnerTests-dummy.m */; };
		B536442A89D8EBCED8BB14293F1586A2 /* PlayerDelegate.swift in Sources */ = {isa = PBXBuildFile; fileRef = 9C04B25E8E7E5CFD49729361BF942D0E /* PlayerDelegate.swift */; };
		B654B7D5056679FBBEFB330EEB759438 /* SpotifySdkPlugin.m in Sources */ = {isa = PBXBuildFile; fileRef = F4F3767AF77DA8D5DB00495D883F40EB /* SpotifySdkPlugin.m */; };
		CEBD84922D2CCEF26C272418EC3EB3A6 /* Foundation.framework in Frameworks */ = {isa = PBXBuildFile; fileRef = 384DDA2CB25005BD6479B5987C619DD4 /* Foundation.framework */; };
		D1B3A1841D643D5480EB6090B8C8B0DF /* StatusHandler.swift in Sources */ = {isa = PBXBuildFile; fileRef = 16FA4EC37CEBD7F881473BBCD231FB65 /* StatusHandler.swift */; };
		DC14581C02DF612F318DA0FACA70024F /* PlayerState.swift in Sources */ = {isa = PBXBuildFile; fileRef = BC698E04001D247D5B7809CABA5A7AD3 /* PlayerState.swift */; };
		EB2DC96CDCF638AB89007D2DB0F3119A /* Pods-RunnerTests-umbrella.h in Headers */ = {isa = PBXBuildFile; fileRef = 9E9B12BCE5540D02A80250C3EC16D399 /* Pods-RunnerTests-umbrella.h */; settings = {ATTRIBUTES = (Public, ); }; };
/* End PBXBuildFile section */

/* Begin PBXContainerItemProxy section */
		592A9F746EA313FDF3981D3B97D59131 /* PBXContainerItemProxy */ = {
			isa = PBXContainerItemProxy;
			containerPortal = BFDFE7DC352907FC980B868725387E98 /* Project object */;
			proxyType = 1;
			remoteGlobalIDString = 8B74B458B450D74B75744B87BD747314;
			remoteInfo = "Pods-Runner";
		};
		7BDEB18C284AF14B796EC8D0C71D2237 /* PBXContainerItemProxy */ = {
			isa = PBXContainerItemProxy;
			containerPortal = BFDFE7DC352907FC980B868725387E98 /* Project object */;
			proxyType = 1;
			remoteGlobalIDString = DCD0139F47D0EFEDBE3EF44D19DBF14F;
			remoteInfo = spotify_sdk;
		};
		8082E4E1BC42F6F66DD24BEDCA581B1B /* PBXContainerItemProxy */ = {
			isa = PBXContainerItemProxy;
			containerPortal = BFDFE7DC352907FC980B868725387E98 /* Project object */;
			proxyType = 1;
			remoteGlobalIDString = 1EFDDC32A34D56D411E640A81DCD9E73;
			remoteInfo = Flutter;
		};
		D8316848C9ECBB7B822446BAECCF199F /* PBXContainerItemProxy */ = {
			isa = PBXContainerItemProxy;
			containerPortal = BFDFE7DC352907FC980B868725387E98 /* Project object */;
			proxyType = 1;
			remoteGlobalIDString = 1EFDDC32A34D56D411E640A81DCD9E73;
			remoteInfo = Flutter;
		};
/* End PBXContainerItemProxy section */

/* Begin PBXFileReference section */
		032277A00901C57F9587C32F6E699C3B /* spotify_sdk-Info.plist */ = {isa = PBXFileReference; includeInIndex = 1; lastKnownFileType = text.plist.xml; path = "spotify_sdk-Info.plist"; sourceTree = "<group>"; };
		03E8AD2E8B75443E12D3D3BD12A9900E /* Pods-RunnerTests.debug.xcconfig */ = {isa = PBXFileReference; includeInIndex = 1; lastKnownFileType = text.xcconfig; path = "Pods-RunnerTests.debug.xcconfig"; sourceTree = "<group>"; };
		07D56A26B88DFE7AE12C636D813D280B /* spotify_sdk.debug.xcconfig */ = {isa = PBXFileReference; includeInIndex = 1; lastKnownFileType = text.xcconfig; path = spotify_sdk.debug.xcconfig; sourceTree = "<group>"; };
		0A6F9152EFB252DD26977BA2929BE8FA /* spotify_sdk-umbrella.h */ = {isa = PBXFileReference; includeInIndex = 1; lastKnownFileType = sourcecode.c.h; path = "spotify_sdk-umbrella.h"; sourceTree = "<group>"; };
		0AFB643DA4919253F749E2836A5AAFDC /* Pods-Runner-Info.plist */ = {isa = PBXFileReference; includeInIndex = 1; lastKnownFileType = text.plist.xml; path = "Pods-Runner-Info.plist"; sourceTree = "<group>"; };
		0DF558A816B5CDB9086667D23B7B35CE /* ConnectionStatusHandler.swift */ = {isa = PBXFileReference; includeInIndex = 1; lastKnownFileType = sourcecode.swift; name = ConnectionStatusHandler.swift; path = "../../../../../../../../../../.pub-cache/hosted/pub.dev/spotify_sdk-3.0.2/ios/Classes/ConnectionStatusHandler.swift"; sourceTree = "<group>"; };
		103289580D26B4857B4C06D6329CA1B7 /* spotify_sdk.podspec */ = {isa = PBXFileReference; explicitFileType = text.script.ruby; includeInIndex = 1; indentWidth = 2; lastKnownFileType = text; name = spotify_sdk.podspec; path = "../../../../../../../../../.pub-cache/hosted/pub.dev/spotify_sdk-3.0.2/ios/spotify_sdk.podspec"; sourceTree = "<group>"; tabWidth = 2; xcLanguageSpecificationIdentifier = xcode.lang.ruby; };
		11AA7018F95317D959D9D2E76CBB2377 /* Pods-RunnerTests-acknowledgements.markdown */ = {isa = PBXFileReference; includeInIndex = 1; lastKnownFileType = text; path = "Pods-RunnerTests-acknowledgements.markdown"; sourceTree = "<group>"; };
		15164FA3916FAA9F0A55F6DCDD61111F /* Flutter.debug.xcconfig */ = {isa = PBXFileReference; includeInIndex = 1; lastKnownFileType = text.xcconfig; path = Flutter.debug.xcconfig; sourceTree = "<group>"; };
		16FA4EC37CEBD7F881473BBCD231FB65 /* StatusHandler.swift */ = {isa = PBXFileReference; includeInIndex = 1; lastKnownFileType = sourcecode.swift; name = StatusHandler.swift; path = "../../../../../../../../../../.pub-cache/hosted/pub.dev/spotify_sdk-3.0.2/ios/Classes/StatusHandler.swift"; sourceTree = "<group>"; };
		18D74EFAE548136BB6FF188F5B245DCD /* SpotifySdkConstants.swift */ = {isa = PBXFileReference; includeInIndex = 1; lastKnownFileType = sourcecode.swift; name = SpotifySdkConstants.swift; path = "../../../../../../../../../../.pub-cache/hosted/pub.dev/spotify_sdk-3.0.2/ios/Classes/SpotifySdkConstants.swift"; sourceTree = "<group>"; };
		1B136F41D5B5FAE96EA576E768A5771D /* Pods-Runner-acknowledgements.plist */ = {isa = PBXFileReference; includeInIndex = 1; lastKnownFileType = text.plist.xml; path = "Pods-Runner-acknowledgements.plist"; sourceTree = "<group>"; };
		1D2A091C897455CC16D7763CBAE871DC /* Flutter.release.xcconfig */ = {isa = PBXFileReference; includeInIndex = 1; lastKnownFileType = text.xcconfig; path = Flutter.release.xcconfig; sourceTree = "<group>"; };
		2BD22C528DBDFF4B220E5B5C76CB88CA /* PlayerContextHandler.swift */ = {isa = PBXFileReference; includeInIndex = 1; lastKnownFileType = sourcecode.swift; name = PlayerContextHandler.swift; path = "../../../../../../../../../../../.pub-cache/hosted/pub.dev/spotify_sdk-3.0.2/ios/Classes/PlayerState/PlayerContextHandler.swift"; sourceTree = "<group>"; };
		2BE546EA2C0C2863FFF489FBDC7503A9 /* spotify_sdk-prefix.pch */ = {isa = PBXFileReference; includeInIndex = 1; lastKnownFileType = sourcecode.c.h; path = "spotify_sdk-prefix.pch"; sourceTree = "<group>"; };
		33BCB3366A74CCC2D8E20F9EFE66808C /* spotify_sdk-xcframeworks.sh */ = {isa = PBXFileReference; includeInIndex = 1; lastKnownFileType = text.script.sh; path = "spotify_sdk-xcframeworks.sh"; sourceTree = "<group>"; };
		384DDA2CB25005BD6479B5987C619DD4 /* Foundation.framework */ = {isa = PBXFileReference; lastKnownFileType = wrapper.framework; name = Foundation.framework; path = Platforms/iPhoneOS.platform/Developer/SDKs/iPhoneOS18.0.sdk/System/Library/Frameworks/Foundation.framework; sourceTree = DEVELOPER_DIR; };
		3C38DB0BC2086EA17D7B7E6B22A94F10 /* SpotifySdkPlugin.h */ = {isa = PBXFileReference; includeInIndex = 1; lastKnownFileType = sourcecode.c.h; name = SpotifySdkPlugin.h; path = "../../../../../../../../../../.pub-cache/hosted/pub.dev/spotify_sdk-3.0.2/ios/Classes/SpotifySdkPlugin.h"; sourceTree = "<group>"; };
		3E4D5E2850207924E586CF448BB1EFA3 /* PlayerStateHandler.swift */ = {isa = PBXFileReference; includeInIndex = 1; lastKnownFileType = sourcecode.swift; name = PlayerStateHandler.swift; path = "../../../../../../../../../../../.pub-cache/hosted/pub.dev/spotify_sdk-3.0.2/ios/Classes/PlayerState/PlayerStateHandler.swift"; sourceTree = "<group>"; };
		4443AB2002214DB41E444FEFFD7E9107 /* spotify_sdk.release.xcconfig */ = {isa = PBXFileReference; includeInIndex = 1; lastKnownFileType = text.xcconfig; path = spotify_sdk.release.xcconfig; sourceTree = "<group>"; };
		499E3722E8DACDC2AAA6C15AD1796520 /* Pods-Runner-umbrella.h */ = {isa = PBXFileReference; includeInIndex = 1; lastKnownFileType = sourcecode.c.h; path = "Pods-Runner-umbrella.h"; sourceTree = "<group>"; };
		4D3DB54C128E3D88C0C9C7DDEA475ED7 /* Pods-RunnerTests-dummy.m */ = {isa = PBXFileReference; includeInIndex = 1; lastKnownFileType = sourcecode.c.objc; path = "Pods-RunnerTests-dummy.m"; sourceTree = "<group>"; };
		4E1199E5BD8E863666B19B6C93E451C5 /* Dictionary.swift */ = {isa = PBXFileReference; includeInIndex = 1; lastKnownFileType = sourcecode.swift; name = Dictionary.swift; path = "../../../../../../../../../../../.pub-cache/hosted/pub.dev/spotify_sdk-3.0.2/ios/Classes/Extension/Dictionary.swift"; sourceTree = "<group>"; };
		669E8F25E1897672BDB80B7EB784DA24 /* Pods-Runner */ = {isa = PBXFileReference; explicitFileType = wrapper.framework; includeInIndex = 0; name = "Pods-Runner"; path = Pods_Runner.framework; sourceTree = BUILT_PRODUCTS_DIR; };
		697C0E003C018490E50C8FFA36C9CB6C /* SpotifyError.swift */ = {isa = PBXFileReference; includeInIndex = 1; lastKnownFileType = sourcecode.swift; name = SpotifyError.swift; path = "../../../../../../../../../../.pub-cache/hosted/pub.dev/spotify_sdk-3.0.2/ios/Classes/SpotifyError.swift"; sourceTree = "<group>"; };
		6C3345B1B3CAEDF5B03B1F731FDC492E /* Pods-RunnerTests */ = {isa = PBXFileReference; explicitFileType = wrapper.framework; includeInIndex = 0; name = "Pods-RunnerTests"; path = Pods_RunnerTests.framework; sourceTree = BUILT_PRODUCTS_DIR; };
		728A5ED1DD60BAC8C8F382A87B976F84 /* Pods-Runner.debug.xcconfig */ = {isa = PBXFileReference; includeInIndex = 1; lastKnownFileType = text.xcconfig; path = "Pods-Runner.debug.xcconfig"; sourceTree = "<group>"; };
		74AC7784DC7900B01A8F0C2CA2CCB0CC /* SwiftSpotifySdkPlugin.swift */ = {isa = PBXFileReference; includeInIndex = 1; lastKnownFileType = sourcecode.swift; name = SwiftSpotifySdkPlugin.swift; path = "../../../../../../../../../../.pub-cache/hosted/pub.dev/spotify_sdk-3.0.2/ios/Classes/SwiftSpotifySdkPlugin.swift"; sourceTree = "<group>"; };
		773BFCE41424EB8EBB72EF3F6A5FB719 /* Pods-Runner-frameworks.sh */ = {isa = PBXFileReference; includeInIndex = 1; lastKnownFileType = text.script.sh; path = "Pods-Runner-frameworks.sh"; sourceTree = "<group>"; };
		79F83F4D505FA40C1CD18A8029181D59 /* Pods-RunnerTests-acknowledgements.plist */ = {isa = PBXFileReference; includeInIndex = 1; lastKnownFileType = text.plist.xml; path = "Pods-RunnerTests-acknowledgements.plist"; sourceTree = "<group>"; };
		83F55BE270F31124141EBAE541ABDC74 /* spotify_sdk-dummy.m */ = {isa = PBXFileReference; includeInIndex = 1; lastKnownFileType = sourcecode.c.objc; path = "spotify_sdk-dummy.m"; sourceTree = "<group>"; };
		8F2B54FC48C23FD1B993A8E5B2BBA255 /* SpotifyiOS.xcframework */ = {isa = PBXFileReference; includeInIndex = 1; name = SpotifyiOS.xcframework; path = "../../../../../../../../../.pub-cache/hosted/pub.dev/spotify_sdk-3.0.2/ios/ios-sdk/SpotifyiOS.xcframework"; sourceTree = "<group>"; };
		9C04B25E8E7E5CFD49729361BF942D0E /* PlayerDelegate.swift */ = {isa = PBXFileReference; includeInIndex = 1; lastKnownFileType = sourcecode.swift; name = PlayerDelegate.swift; path = "../../../../../../../../../../.pub-cache/hosted/pub.dev/spotify_sdk-3.0.2/ios/Classes/PlayerDelegate.swift"; sourceTree = "<group>"; };
		9CFDD837BE104CFB7D520FCCD477655F /* spotify_sdk.modulemap */ = {isa = PBXFileReference; includeInIndex = 1; lastKnownFileType = sourcecode.module; path = spotify_sdk.modulemap; sourceTree = "<group>"; };
		9D940727FF8FB9C785EB98E56350EF41 /* Podfile */ = {isa = PBXFileReference; explicitFileType = text.script.ruby; includeInIndex = 1; indentWidth = 2; lastKnownFileType = text; name = Podfile; path = ../Podfile; sourceTree = SOURCE_ROOT; tabWidth = 2; xcLanguageSpecificationIdentifier = xcode.lang.ruby; };
		9E9B12BCE5540D02A80250C3EC16D399 /* Pods-RunnerTests-umbrella.h */ = {isa = PBXFileReference; includeInIndex = 1; lastKnownFileType = sourcecode.c.h; path = "Pods-RunnerTests-umbrella.h"; sourceTree = "<group>"; };
		AC8FE152530FBDCE460186B326C1A8FB /* Pods-RunnerTests.release.xcconfig */ = {isa = PBXFileReference; includeInIndex = 1; lastKnownFileType = text.xcconfig; path = "Pods-RunnerTests.release.xcconfig"; sourceTree = "<group>"; };
		B00A5ECAED4CA0C16FF7C65365BC0334 /* Pods-RunnerTests-Info.plist */ = {isa = PBXFileReference; includeInIndex = 1; lastKnownFileType = text.plist.xml; path = "Pods-RunnerTests-Info.plist"; sourceTree = "<group>"; };
		B0BD57AB3672E53828D11C2A3368023A /* Pods-RunnerTests.modulemap */ = {isa = PBXFileReference; includeInIndex = 1; lastKnownFileType = sourcecode.module; path = "Pods-RunnerTests.modulemap"; sourceTree = "<group>"; };
		B703785507B22BAF0B800737429577EC /* Pods-Runner.release.xcconfig */ = {isa = PBXFileReference; includeInIndex = 1; lastKnownFileType = text.xcconfig; path = "Pods-Runner.release.xcconfig"; sourceTree = "<group>"; };
		BC698E04001D247D5B7809CABA5A7AD3 /* PlayerState.swift */ = {isa = PBXFileReference; includeInIndex = 1; lastKnownFileType = sourcecode.swift; name = PlayerState.swift; path = "../../../../../../../../../../../.pub-cache/hosted/pub.dev/spotify_sdk-3.0.2/ios/Classes/PlayerState/PlayerState.swift"; sourceTree = "<group>"; };
		C24C1A035F22D24883C6F1876F274C6F /* Pods-Runner.modulemap */ = {isa = PBXFileReference; includeInIndex = 1; lastKnownFileType = sourcecode.module; path = "Pods-Runner.modulemap"; sourceTree = "<group>"; };
		C3EF39F69AD7B9893C8387695C641BA7 /* spotify_sdk */ = {isa = PBXFileReference; explicitFileType = wrapper.framework; includeInIndex = 0; name = spotify_sdk; path = spotify_sdk.framework; sourceTree = BUILT_PRODUCTS_DIR; };
		C50FD10CD19FF6999637BA5ECAF1681B /* Pods-Runner.profile.xcconfig */ = {isa = PBXFileReference; includeInIndex = 1; lastKnownFileType = text.xcconfig; path = "Pods-Runner.profile.xcconfig"; sourceTree = "<group>"; };
		C943ED4A16DF43973E5B3BE75A9B7DDA /* Flutter.podspec */ = {isa = PBXFileReference; explicitFileType = text.script.ruby; includeInIndex = 1; indentWidth = 2; lastKnownFileType = text; path = Flutter.podspec; sourceTree = "<group>"; tabWidth = 2; xcLanguageSpecificationIdentifier = xcode.lang.ruby; };
		E736E0C9C5B73D27B8865E363E2108AC /* Pods-RunnerTests.profile.xcconfig */ = {isa = PBXFileReference; includeInIndex = 1; lastKnownFileType = text.xcconfig; path = "Pods-RunnerTests.profile.xcconfig"; sourceTree = "<group>"; };
		E794494AB90477BA94C681E994ADF341 /* Pods-Runner-dummy.m */ = {isa = PBXFileReference; includeInIndex = 1; lastKnownFileType = sourcecode.c.objc; path = "Pods-Runner-dummy.m"; sourceTree = "<group>"; };
		ECDF6AA713870989438BA93B395DC557 /* Pods-Runner-acknowledgements.markdown */ = {isa = PBXFileReference; includeInIndex = 1; lastKnownFileType = text; path = "Pods-Runner-acknowledgements.markdown"; sourceTree = "<group>"; };
		F49C953F5A9AE86B5A629D6B5BE05E15 /* LICENSE */ = {isa = PBXFileReference; includeInIndex = 1; name = LICENSE; path = "../../../../../../../../../.pub-cache/hosted/pub.dev/spotify_sdk-3.0.2/LICENSE"; sourceTree = "<group>"; };
		F4F3767AF77DA8D5DB00495D883F40EB /* SpotifySdkPlugin.m */ = {isa = PBXFileReference; includeInIndex = 1; lastKnownFileType = sourcecode.c.objc; name = SpotifySdkPlugin.m; path = "../../../../../../../../../../.pub-cache/hosted/pub.dev/spotify_sdk-3.0.2/ios/Classes/SpotifySdkPlugin.m"; sourceTree = "<group>"; };
/* End PBXFileReference section */

/* Begin PBXFrameworksBuildPhase section */
		4380924F566AA01EB048DC15F9BC6D33 /* Frameworks */ = {
			isa = PBXFrameworksBuildPhase;
			buildActionMask = 2147483647;
			files = (
				CEBD84922D2CCEF26C272418EC3EB3A6 /* Foundation.framework in Frameworks */,
			);
			runOnlyForDeploymentPostprocessing = 0;
		};
		9CBF11E46053835D89D77A04BC4AB27F /* Frameworks */ = {
			isa = PBXFrameworksBuildPhase;
			buildActionMask = 2147483647;
			files = (
				39F63D029718BEABBEA32BBF32518409 /* Foundation.framework in Frameworks */,
			);
			runOnlyForDeploymentPostprocessing = 0;
		};
		FF25014543CEF3EF336B4BF95C02604A /* Frameworks */ = {
			isa = PBXFrameworksBuildPhase;
			buildActionMask = 2147483647;
			files = (
				4FD854678B5EC2397C57689FA4F0E070 /* Foundation.framework in Frameworks */,
			);
			runOnlyForDeploymentPostprocessing = 0;
		};
/* End PBXFrameworksBuildPhase section */

/* Begin PBXGroup section */
		06E6E21CC859068AF7BC0A0E1B0E5C2C /* PlayerState */ = {
			isa = PBXGroup;
			children = (
				2BD22C528DBDFF4B220E5B5C76CB88CA /* PlayerContextHandler.swift */,
				BC698E04001D247D5B7809CABA5A7AD3 /* PlayerState.swift */,
				3E4D5E2850207924E586CF448BB1EFA3 /* PlayerStateHandler.swift */,
			);
			name = PlayerState;
			path = PlayerState;
			sourceTree = "<group>";
		};
		07E887B3FA621CE0686AC8312B5863CE /* Moody-Music */ = {
			isa = PBXGroup;
			children = (
				A82035176958F5409D4A762252518825 /* ios */,
			);
			name = "Moody-Music";
			path = "Moody-Music";
			sourceTree = "<group>";
		};
		1271D0A7A1AB8A82F5B6BCDB82E33C1D /* spotify_sdk */ = {
			isa = PBXGroup;
			children = (
				346B538C5CE463D904A72D66DC4BDC68 /* .. */,
				80EE2B3740B5AC153D453537B6BA8E00 /* Frameworks */,
				2349892624D9A7DDE6C8FA6389300963 /* Pod */,
				7198467F67747CB5933EF7F60B466A88 /* Support Files */,
			);
			name = spotify_sdk;
			path = ../.symlinks/plugins/spotify_sdk/ios;
			sourceTree = "<group>";
		};
		173EB13F69765EA8BC33BBEE3E716066 /* .. */ = {
			isa = PBXGroup;
			children = (
				DA9A23F116A9F8E239DD712ED96ACECC /* Desktop */,
			);
			name = ..;
			path = ..;
			sourceTree = "<group>";
		};
		2349892624D9A7DDE6C8FA6389300963 /* Pod */ = {
			isa = PBXGroup;
			children = (
				F49C953F5A9AE86B5A629D6B5BE05E15 /* LICENSE */,
				103289580D26B4857B4C06D6329CA1B7 /* spotify_sdk.podspec */,
			);
			name = Pod;
			sourceTree = "<group>";
		};
		2DB8426A477BA92773F00012EBA84D53 /* Targets Support Files */ = {
			isa = PBXGroup;
			children = (
				E806A4F97D48F5FD3B4CA1BC617EA1F5 /* Pods-Runner */,
				537E840C4F4E30B706FD9D64B15C53A7 /* Pods-RunnerTests */,
			);
			name = "Targets Support Files";
			sourceTree = "<group>";
		};
		33719DABC6B9C93E57DA62711EFA1F8D /* Products */ = {
			isa = PBXGroup;
			children = (
				669E8F25E1897672BDB80B7EB784DA24 /* Pods-Runner */,
				6C3345B1B3CAEDF5B03B1F731FDC492E /* Pods-RunnerTests */,
				C3EF39F69AD7B9893C8387695C641BA7 /* spotify_sdk */,
			);
			name = Products;
			sourceTree = "<group>";
		};
		346B538C5CE463D904A72D66DC4BDC68 /* .. */ = {
			isa = PBXGroup;
			children = (
				364C5F9D5768AD42BE70F7D8DD047499 /* .. */,
			);
			name = ..;
			path = "../../../../../../../../../.pub-cache/hosted/pub.dev/spotify_sdk-3.0.2/ios";
			sourceTree = "<group>";
		};
		364C5F9D5768AD42BE70F7D8DD047499 /* .. */ = {
			isa = PBXGroup;
			children = (
				63CCCD762F1393715A57D02342107AAC /* .. */,
			);
			name = ..;
			path = ..;
			sourceTree = "<group>";
		};
		4F129AC39FBECE56B5ED9C1562540088 /* Flutter */ = {
			isa = PBXGroup;
			children = (
				A8B7AB8019FB38572D1FAA33DE75C523 /* Pod */,
				D9ED066FCDE35F879D4B4D58F20E99A2 /* Support Files */,
			);
			name = Flutter;
			path = ../Flutter;
			sourceTree = "<group>";
		};
		537E840C4F4E30B706FD9D64B15C53A7 /* Pods-RunnerTests */ = {
			isa = PBXGroup;
			children = (
				B0BD57AB3672E53828D11C2A3368023A /* Pods-RunnerTests.modulemap */,
				11AA7018F95317D959D9D2E76CBB2377 /* Pods-RunnerTests-acknowledgements.markdown */,
				79F83F4D505FA40C1CD18A8029181D59 /* Pods-RunnerTests-acknowledgements.plist */,
				4D3DB54C128E3D88C0C9C7DDEA475ED7 /* Pods-RunnerTests-dummy.m */,
				B00A5ECAED4CA0C16FF7C65365BC0334 /* Pods-RunnerTests-Info.plist */,
				9E9B12BCE5540D02A80250C3EC16D399 /* Pods-RunnerTests-umbrella.h */,
				03E8AD2E8B75443E12D3D3BD12A9900E /* Pods-RunnerTests.debug.xcconfig */,
				E736E0C9C5B73D27B8865E363E2108AC /* Pods-RunnerTests.profile.xcconfig */,
				AC8FE152530FBDCE460186B326C1A8FB /* Pods-RunnerTests.release.xcconfig */,
			);
			name = "Pods-RunnerTests";
			path = "Target Support Files/Pods-RunnerTests";
			sourceTree = "<group>";
		};
		58870D4BF1A40ADC88FCA0FF4FDF8ACF /* .symlinks */ = {
			isa = PBXGroup;
			children = (
				D38E6D56A681529F5E2B9C443AFDD81D /* plugins */,
			);
			name = .symlinks;
			path = .symlinks;
			sourceTree = "<group>";
		};
		63CCCD762F1393715A57D02342107AAC /* .. */ = {
			isa = PBXGroup;
			children = (
				E2AA8C59EBE7CD1DA60622264C5300A9 /* .. */,
			);
			name = ..;
			path = ..;
			sourceTree = "<group>";
		};
		65983E7061FA60ECE487F9D71400118A /* Moody Music */ = {
			isa = PBXGroup;
			children = (
				07E887B3FA621CE0686AC8312B5863CE /* Moody-Music */,
			);
			name = "Moody Music";
			path = "Moody Music";
			sourceTree = "<group>";
		};
		7198467F67747CB5933EF7F60B466A88 /* Support Files */ = {
			isa = PBXGroup;
			children = (
				9CFDD837BE104CFB7D520FCCD477655F /* spotify_sdk.modulemap */,
				83F55BE270F31124141EBAE541ABDC74 /* spotify_sdk-dummy.m */,
				032277A00901C57F9587C32F6E699C3B /* spotify_sdk-Info.plist */,
				2BE546EA2C0C2863FFF489FBDC7503A9 /* spotify_sdk-prefix.pch */,
				0A6F9152EFB252DD26977BA2929BE8FA /* spotify_sdk-umbrella.h */,
				33BCB3366A74CCC2D8E20F9EFE66808C /* spotify_sdk-xcframeworks.sh */,
				07D56A26B88DFE7AE12C636D813D280B /* spotify_sdk.debug.xcconfig */,
				4443AB2002214DB41E444FEFFD7E9107 /* spotify_sdk.release.xcconfig */,
			);
			name = "Support Files";
			path = "../../../../Pods/Target Support Files/spotify_sdk";
			sourceTree = "<group>";
		};
		7D78CF3A80E48A3BA20491BF9A24E0F1 /* Extension */ = {
			isa = PBXGroup;
			children = (
				4E1199E5BD8E863666B19B6C93E451C5 /* Dictionary.swift */,
			);
			name = Extension;
			path = Extension;
			sourceTree = "<group>";
		};
		808E9E0AAB1AA7BD62B0596D852B7B28 /* ios */ = {
			isa = PBXGroup;
			children = (
				AF14F986216961EADAF0E0D53BE2C839 /* Classes */,
			);
			name = ios;
			path = ios;
			sourceTree = "<group>";
		};
		80EE2B3740B5AC153D453537B6BA8E00 /* Frameworks */ = {
			isa = PBXGroup;
			children = (
				8F2B54FC48C23FD1B993A8E5B2BBA255 /* SpotifyiOS.xcframework */,
			);
			name = Frameworks;
			sourceTree = "<group>";
		};
		A82035176958F5409D4A762252518825 /* ios */ = {
			isa = PBXGroup;
			children = (
				58870D4BF1A40ADC88FCA0FF4FDF8ACF /* .symlinks */,
			);
			name = ios;
			path = ios;
			sourceTree = "<group>";
		};
		A8B7AB8019FB38572D1FAA33DE75C523 /* Pod */ = {
			isa = PBXGroup;
			children = (
				C943ED4A16DF43973E5B3BE75A9B7DDA /* Flutter.podspec */,
			);
			name = Pod;
			sourceTree = "<group>";
		};
		AF128B4E48B27AFBDA0311B7B0ECA073 /* Development Pods */ = {
			isa = PBXGroup;
			children = (
				4F129AC39FBECE56B5ED9C1562540088 /* Flutter */,
				1271D0A7A1AB8A82F5B6BCDB82E33C1D /* spotify_sdk */,
			);
			name = "Development Pods";
			sourceTree = "<group>";
		};
		AF14F986216961EADAF0E0D53BE2C839 /* Classes */ = {
			isa = PBXGroup;
			children = (
				0DF558A816B5CDB9086667D23B7B35CE /* ConnectionStatusHandler.swift */,
				9C04B25E8E7E5CFD49729361BF942D0E /* PlayerDelegate.swift */,
				697C0E003C018490E50C8FFA36C9CB6C /* SpotifyError.swift */,
				18D74EFAE548136BB6FF188F5B245DCD /* SpotifySdkConstants.swift */,
				3C38DB0BC2086EA17D7B7E6B22A94F10 /* SpotifySdkPlugin.h */,
				F4F3767AF77DA8D5DB00495D883F40EB /* SpotifySdkPlugin.m */,
				16FA4EC37CEBD7F881473BBCD231FB65 /* StatusHandler.swift */,
				74AC7784DC7900B01A8F0C2CA2CCB0CC /* SwiftSpotifySdkPlugin.swift */,
				7D78CF3A80E48A3BA20491BF9A24E0F1 /* Extension */,
				06E6E21CC859068AF7BC0A0E1B0E5C2C /* PlayerState */,
			);
			name = Classes;
			path = Classes;
			sourceTree = "<group>";
		};
		B4548C26F9DB6D06D2823FAAD413AA8D /* Projects */ = {
			isa = PBXGroup;
			children = (
				65983E7061FA60ECE487F9D71400118A /* Moody Music */,
			);
			name = Projects;
			path = Projects;
			sourceTree = "<group>";
		};
		C7D1B14077DA2E41F7AD5876E10F8A35 /* spotify_sdk */ = {
			isa = PBXGroup;
			children = (
				808E9E0AAB1AA7BD62B0596D852B7B28 /* ios */,
			);
			name = spotify_sdk;
			path = spotify_sdk;
			sourceTree = "<group>";
		};
		CF1408CF629C7361332E53B88F7BD30C = {
			isa = PBXGroup;
			children = (
				9D940727FF8FB9C785EB98E56350EF41 /* Podfile */,
				AF128B4E48B27AFBDA0311B7B0ECA073 /* Development Pods */,
				D210D550F4EA176C3123ED886F8F87F5 /* Frameworks */,
				33719DABC6B9C93E57DA62711EFA1F8D /* Products */,
				2DB8426A477BA92773F00012EBA84D53 /* Targets Support Files */,
			);
			sourceTree = "<group>";
		};
		D210D550F4EA176C3123ED886F8F87F5 /* Frameworks */ = {
			isa = PBXGroup;
			children = (
				E4801F62A6B08CD9B5410329F1A18FDE /* iOS */,
			);
			name = Frameworks;
			sourceTree = "<group>";
		};
		D38E6D56A681529F5E2B9C443AFDD81D /* plugins */ = {
			isa = PBXGroup;
			children = (
				C7D1B14077DA2E41F7AD5876E10F8A35 /* spotify_sdk */,
			);
			name = plugins;
			path = plugins;
			sourceTree = "<group>";
		};
		D9ED066FCDE35F879D4B4D58F20E99A2 /* Support Files */ = {
			isa = PBXGroup;
			children = (
				15164FA3916FAA9F0A55F6DCDD61111F /* Flutter.debug.xcconfig */,
				1D2A091C897455CC16D7763CBAE871DC /* Flutter.release.xcconfig */,
			);
			name = "Support Files";
			path = "../Pods/Target Support Files/Flutter";
			sourceTree = "<group>";
		};
		DA9A23F116A9F8E239DD712ED96ACECC /* Desktop */ = {
			isa = PBXGroup;
			children = (
				B4548C26F9DB6D06D2823FAAD413AA8D /* Projects */,
			);
			name = Desktop;
			path = Desktop;
			sourceTree = "<group>";
		};
		E2AA8C59EBE7CD1DA60622264C5300A9 /* .. */ = {
			isa = PBXGroup;
			children = (
				FE42A72BF641341035969C5193950BA1 /* .. */,
			);
			name = ..;
			path = ..;
			sourceTree = "<group>";
		};
		E4801F62A6B08CD9B5410329F1A18FDE /* iOS */ = {
			isa = PBXGroup;
			children = (
				384DDA2CB25005BD6479B5987C619DD4 /* Foundation.framework */,
			);
			name = iOS;
			sourceTree = "<group>";
		};
		E806A4F97D48F5FD3B4CA1BC617EA1F5 /* Pods-Runner */ = {
			isa = PBXGroup;
			children = (
				C24C1A035F22D24883C6F1876F274C6F /* Pods-Runner.modulemap */,
				ECDF6AA713870989438BA93B395DC557 /* Pods-Runner-acknowledgements.markdown */,
				1B136F41D5B5FAE96EA576E768A5771D /* Pods-Runner-acknowledgements.plist */,
				E794494AB90477BA94C681E994ADF341 /* Pods-Runner-dummy.m */,
				773BFCE41424EB8EBB72EF3F6A5FB719 /* Pods-Runner-frameworks.sh */,
				0AFB643DA4919253F749E2836A5AAFDC /* Pods-Runner-Info.plist */,
				499E3722E8DACDC2AAA6C15AD1796520 /* Pods-Runner-umbrella.h */,
				728A5ED1DD60BAC8C8F382A87B976F84 /* Pods-Runner.debug.xcconfig */,
				C50FD10CD19FF6999637BA5ECAF1681B /* Pods-Runner.profile.xcconfig */,
				B703785507B22BAF0B800737429577EC /* Pods-Runner.release.xcconfig */,
			);
			name = "Pods-Runner";
			path = "Target Support Files/Pods-Runner";
			sourceTree = "<group>";
		};
		FE42A72BF641341035969C5193950BA1 /* .. */ = {
			isa = PBXGroup;
			children = (
				173EB13F69765EA8BC33BBEE3E716066 /* .. */,
			);
			name = ..;
			path = ..;
			sourceTree = "<group>";
		};
/* End PBXGroup section */

/* Begin PBXHeadersBuildPhase section */
		339776B63A745816DC15D8CFB8FCBE81 /* Headers */ = {
			isa = PBXHeadersBuildPhase;
			buildActionMask = 2147483647;
			files = (
				6319C09BF4C71B8F710773391CDE0250 /* spotify_sdk-umbrella.h in Headers */,
				3E04D47DC7C944A63FE8B364E4DC1621 /* SpotifySdkPlugin.h in Headers */,
			);
			runOnlyForDeploymentPostprocessing = 0;
		};
		971D793556746A9AD29EB54969F84F82 /* Headers */ = {
			isa = PBXHeadersBuildPhase;
			buildActionMask = 2147483647;
			files = (
				98A8E2451CE130B553DDB4FB3F1F1E34 /* Pods-Runner-umbrella.h in Headers */,
			);
			runOnlyForDeploymentPostprocessing = 0;
		};
		FC4DA9BD27A4914E75F803590E4C4B8B /* Headers */ = {
			isa = PBXHeadersBuildPhase;
			buildActionMask = 2147483647;
			files = (
				EB2DC96CDCF638AB89007D2DB0F3119A /* Pods-RunnerTests-umbrella.h in Headers */,
			);
			runOnlyForDeploymentPostprocessing = 0;
		};
/* End PBXHeadersBuildPhase section */

/* Begin PBXNativeTarget section */
		3232F0C0E7C65B232832393F9ADDD8C3 /* Pods-RunnerTests */ = {
			isa = PBXNativeTarget;
			buildConfigurationList = D52099AA1537D0F3745166E1889F6CA3 /* Build configuration list for PBXNativeTarget "Pods-RunnerTests" */;
			buildPhases = (
				FC4DA9BD27A4914E75F803590E4C4B8B /* Headers */,
				001CCB0FEA80CD1C6BF534C6D9C6283A /* Sources */,
				4380924F566AA01EB048DC15F9BC6D33 /* Frameworks */,
				4A765108DEAFDEBF078F71CDDBE3414E /* Resources */,
			);
			buildRules = (
			);
			dependencies = (
				7E16BD8A8BBDBE7373C82E88D22992E0 /* PBXTargetDependency */,
			);
			name = "Pods-RunnerTests";
			productName = Pods_RunnerTests;
			productReference = 6C3345B1B3CAEDF5B03B1F731FDC492E /* Pods-RunnerTests */;
			productType = "com.apple.product-type.framework";
		};
		8B74B458B450D74B75744B87BD747314 /* Pods-Runner */ = {
			isa = PBXNativeTarget;
			buildConfigurationList = 6846B51892D55861D9771183B47B2A77 /* Build configuration list for PBXNativeTarget "Pods-Runner" */;
			buildPhases = (
				971D793556746A9AD29EB54969F84F82 /* Headers */,
				C5A1E4D0052D8EB0B902CAA81734B684 /* Sources */,
				9CBF11E46053835D89D77A04BC4AB27F /* Frameworks */,
				40E7A5E60D74F718E8187CCD24948564 /* Resources */,
			);
			buildRules = (
			);
			dependencies = (
				03A2B35E227B0D30BC4ABE77983BAAA3 /* PBXTargetDependency */,
				268E3061508C950071658BD7D9A19BE4 /* PBXTargetDependency */,
			);
			name = "Pods-Runner";
			productName = Pods_Runner;
			productReference = 669E8F25E1897672BDB80B7EB784DA24 /* Pods-Runner */;
			productType = "com.apple.product-type.framework";
		};
		DCD0139F47D0EFEDBE3EF44D19DBF14F /* spotify_sdk */ = {
			isa = PBXNativeTarget;
			buildConfigurationList = 90DE3E43D77EAA55BEB86A5199101488 /* Build configuration list for PBXNativeTarget "spotify_sdk" */;
			buildPhases = (
				339776B63A745816DC15D8CFB8FCBE81 /* Headers */,
				C07A13EFA59431D650B3EBD16332F540 /* [CP] Copy XCFrameworks */,
				058419CF4BFC03840CDB358DD2C95D09 /* Sources */,
				FF25014543CEF3EF336B4BF95C02604A /* Frameworks */,
				03554374AC56575820950044A52D0731 /* Resources */,
			);
			buildRules = (
			);
			dependencies = (
				16FED5DFCC55618E68A4BFE0B0427491 /* PBXTargetDependency */,
			);
			name = spotify_sdk;
			productName = spotify_sdk;
			productReference = C3EF39F69AD7B9893C8387695C641BA7 /* spotify_sdk */;
			productType = "com.apple.product-type.framework";
		};
/* End PBXNativeTarget section */

/* Begin PBXProject section */
		BFDFE7DC352907FC980B868725387E98 /* Project object */ = {
			isa = PBXProject;
			attributes = {
				LastSwiftUpdateCheck = 1600;
				LastUpgradeCheck = 1600;
			};
			buildConfigurationList = 4821239608C13582E20E6DA73FD5F1F9 /* Build configuration list for PBXProject "Pods" */;
			compatibilityVersion = "Xcode 12.0";
			developmentRegion = en;
			hasScannedForEncodings = 0;
			knownRegions = (
				Base,
				en,
			);
			mainGroup = CF1408CF629C7361332E53B88F7BD30C;
			minimizedProjectReferenceProxies = 0;
			preferredProjectObjectVersion = 77;
			productRefGroup = 33719DABC6B9C93E57DA62711EFA1F8D /* Products */;
			projectDirPath = "";
			projectRoot = "";
			targets = (
				1EFDDC32A34D56D411E640A81DCD9E73 /* Flutter */,
				8B74B458B450D74B75744B87BD747314 /* Pods-Runner */,
				3232F0C0E7C65B232832393F9ADDD8C3 /* Pods-RunnerTests */,
				DCD0139F47D0EFEDBE3EF44D19DBF14F /* spotify_sdk */,
			);
		};
/* End PBXProject section */

/* Begin PBXResourcesBuildPhase section */
		03554374AC56575820950044A52D0731 /* Resources */ = {
			isa = PBXResourcesBuildPhase;
			buildActionMask = 2147483647;
			files = (
			);
			runOnlyForDeploymentPostprocessing = 0;
		};
		40E7A5E60D74F718E8187CCD24948564 /* Resources */ = {
			isa = PBXResourcesBuildPhase;
			buildActionMask = 2147483647;
			files = (
			);
			runOnlyForDeploymentPostprocessing = 0;
		};
		4A765108DEAFDEBF078F71CDDBE3414E /* Resources */ = {
			isa = PBXResourcesBuildPhase;
			buildActionMask = 2147483647;
			files = (
			);
			runOnlyForDeploymentPostprocessing = 0;
		};
/* End PBXResourcesBuildPhase section */

/* Begin PBXShellScriptBuildPhase section */
		C07A13EFA59431D650B3EBD16332F540 /* [CP] Copy XCFrameworks */ = {
			isa = PBXShellScriptBuildPhase;
			buildActionMask = 2147483647;
			files = (
			);
			inputFileListPaths = (
				"${PODS_ROOT}/Target Support Files/spotify_sdk/spotify_sdk-xcframeworks-input-files.xcfilelist",
			);
			name = "[CP] Copy XCFrameworks";
			outputFileListPaths = (
				"${PODS_ROOT}/Target Support Files/spotify_sdk/spotify_sdk-xcframeworks-output-files.xcfilelist",
			);
			runOnlyForDeploymentPostprocessing = 0;
			shellPath = /bin/sh;
			shellScript = "\"${PODS_ROOT}/Target Support Files/spotify_sdk/spotify_sdk-xcframeworks.sh\"\n";
			showEnvVarsInLog = 0;
		};
/* End PBXShellScriptBuildPhase section */

/* Begin PBXSourcesBuildPhase section */
		001CCB0FEA80CD1C6BF534C6D9C6283A /* Sources */ = {
			isa = PBXSourcesBuildPhase;
			buildActionMask = 2147483647;
			files = (
				B375EA128E6579366091BAA390BBDD34 /* Pods-RunnerTests-dummy.m in Sources */,
			);
			runOnlyForDeploymentPostprocessing = 0;
		};
		058419CF4BFC03840CDB358DD2C95D09 /* Sources */ = {
			isa = PBXSourcesBuildPhase;
			buildActionMask = 2147483647;
			files = (
				0BA175778D56012C83C340D965FA7A4F /* ConnectionStatusHandler.swift in Sources */,
				12784BA57EE52ECEA9B2FD02B7F643D4 /* Dictionary.swift in Sources */,
				A0BD96F4EC51FF122FAAF4D0CA176C0F /* PlayerContextHandler.swift in Sources */,
				B536442A89D8EBCED8BB14293F1586A2 /* PlayerDelegate.swift in Sources */,
				DC14581C02DF612F318DA0FACA70024F /* PlayerState.swift in Sources */,
				15ED3D01A68967A6B940A8975F55A8E0 /* PlayerStateHandler.swift in Sources */,
				82F01760EB04F96A93062058A6C7F3DB /* spotify_sdk-dummy.m in Sources */,
				1E9FB18F6D767051D67E0656E053C083 /* SpotifyError.swift in Sources */,
				60DEA13A0B7394D7299EA9350A721D06 /* SpotifySdkConstants.swift in Sources */,
				B654B7D5056679FBBEFB330EEB759438 /* SpotifySdkPlugin.m in Sources */,
				D1B3A1841D643D5480EB6090B8C8B0DF /* StatusHandler.swift in Sources */,
				A4DF800C5DB0726BDC24E0E7F6C08384 /* SwiftSpotifySdkPlugin.swift in Sources */,
			);
			runOnlyForDeploymentPostprocessing = 0;
		};
		C5A1E4D0052D8EB0B902CAA81734B684 /* Sources */ = {
			isa = PBXSourcesBuildPhase;
			buildActionMask = 2147483647;
			files = (
				24C746D387640D008375503B65F88EF9 /* Pods-Runner-dummy.m in Sources */,
			);
			runOnlyForDeploymentPostprocessing = 0;
		};
/* End PBXSourcesBuildPhase section */

/* Begin PBXTargetDependency section */
		03A2B35E227B0D30BC4ABE77983BAAA3 /* PBXTargetDependency */ = {
			isa = PBXTargetDependency;
			name = Flutter;
			target = 1EFDDC32A34D56D411E640A81DCD9E73 /* Flutter */;
			targetProxy = 8082E4E1BC42F6F66DD24BEDCA581B1B /* PBXContainerItemProxy */;
		};
		16FED5DFCC55618E68A4BFE0B0427491 /* PBXTargetDependency */ = {
			isa = PBXTargetDependency;
			name = Flutter;
			target = 1EFDDC32A34D56D411E640A81DCD9E73 /* Flutter */;
			targetProxy = D8316848C9ECBB7B822446BAECCF199F /* PBXContainerItemProxy */;
		};
		268E3061508C950071658BD7D9A19BE4 /* PBXTargetDependency */ = {
			isa = PBXTargetDependency;
			name = spotify_sdk;
			target = DCD0139F47D0EFEDBE3EF44D19DBF14F /* spotify_sdk */;
			targetProxy = 7BDEB18C284AF14B796EC8D0C71D2237 /* PBXContainerItemProxy */;
		};
		7E16BD8A8BBDBE7373C82E88D22992E0 /* PBXTargetDependency */ = {
			isa = PBXTargetDependency;
			name = "Pods-Runner";
			target = 8B74B458B450D74B75744B87BD747314 /* Pods-Runner */;
			targetProxy = 592A9F746EA313FDF3981D3B97D59131 /* PBXContainerItemProxy */;
		};
/* End PBXTargetDependency section */

/* Begin XCBuildConfiguration section */
		077C7C76734FD6F7B076FA38B24A9923 /* Debug */ = {
			isa = XCBuildConfiguration;
			baseConfigurationReference = 03E8AD2E8B75443E12D3D3BD12A9900E /* Pods-RunnerTests.debug.xcconfig */;
			buildSettings = {
				ALWAYS_EMBED_SWIFT_STANDARD_LIBRARIES = NO;
				CLANG_ENABLE_OBJC_WEAK = NO;
				CLANG_WARN_QUOTED_INCLUDE_IN_FRAMEWORK_HEADER = NO;
				"CODE_SIGN_IDENTITY[sdk=appletvos*]" = "";
				"CODE_SIGN_IDENTITY[sdk=iphoneos*]" = "";
				"CODE_SIGN_IDENTITY[sdk=watchos*]" = "";
				CURRENT_PROJECT_VERSION = 1;
				DEFINES_MODULE = YES;
				DYLIB_COMPATIBILITY_VERSION = 1;
				DYLIB_CURRENT_VERSION = 1;
				DYLIB_INSTALL_NAME_BASE = "@rpath";
				ENABLE_BITCODE = NO;
				ENABLE_MODULE_VERIFIER = NO;
				ENABLE_USER_SCRIPT_SANDBOXING = NO;
				"EXCLUDED_ARCHS[sdk=iphoneos*]" = "$(inherited) armv7";
				"EXCLUDED_ARCHS[sdk=iphonesimulator*]" = "$(inherited) i386";
				"FRAMEWORK_SEARCH_PATHS[sdk=iphoneos*]" = (
					"\"/opt/homebrew/share/flutter/bin/cache/artifacts/engine/ios/Flutter.xcframework/ios-arm64\"",
					"$(inherited)",
				);
				"FRAMEWORK_SEARCH_PATHS[sdk=iphonesimulator*]" = (
					"\"/opt/homebrew/share/flutter/bin/cache/artifacts/engine/ios/Flutter.xcframework/ios-arm64_x86_64-simulator\"",
					"$(inherited)",
				);
				INFOPLIST_FILE = "Target Support Files/Pods-RunnerTests/Pods-RunnerTests-Info.plist";
				INSTALL_PATH = "$(LOCAL_LIBRARY_DIR)/Frameworks";
				IPHONEOS_DEPLOYMENT_TARGET = 13.0;
				LD_RUNPATH_SEARCH_PATHS = (
					"$(inherited)",
					"@executable_path/Frameworks",
					"@loader_path/Frameworks",
				);
				MACH_O_TYPE = staticlib;
				MODULEMAP_FILE = "Target Support Files/Pods-RunnerTests/Pods-RunnerTests.modulemap";
				ONLY_ACTIVE_ARCH = NO;
				OTHER_LDFLAGS = (
					"$(inherited)",
					"-framework",
					Flutter,
				);
				OTHER_LIBTOOLFLAGS = "";
				PODS_ROOT = "$(SRCROOT)";
				PRODUCT_BUNDLE_IDENTIFIER = "org.cocoapods.${PRODUCT_NAME:rfc1034identifier}";
				PRODUCT_NAME = "$(TARGET_NAME:c99extidentifier)";
				SDKROOT = iphoneos;
				SKIP_INSTALL = YES;
				TARGETED_DEVICE_FAMILY = "1,2";
				"VALID_ARCHS[sdk=iphonesimulator*]" = "$(ARCHS_STANDARD)";
				VERSIONING_SYSTEM = "apple-generic";
				VERSION_INFO_PREFIX = "";
			};
			name = Debug;
		};
		31BA3D79D4364DD732F24DAFD24992DC /* Profile */ = {
			isa = XCBuildConfiguration;
			baseConfigurationReference = 4443AB2002214DB41E444FEFFD7E9107 /* spotify_sdk.release.xcconfig */;
			buildSettings = {
				CLANG_ENABLE_OBJC_WEAK = NO;
				CLANG_WARN_QUOTED_INCLUDE_IN_FRAMEWORK_HEADER = NO;
				"CODE_SIGN_IDENTITY[sdk=appletvos*]" = "";
				"CODE_SIGN_IDENTITY[sdk=iphoneos*]" = "";
				"CODE_SIGN_IDENTITY[sdk=watchos*]" = "";
				CURRENT_PROJECT_VERSION = 1;
				DYLIB_COMPATIBILITY_VERSION = 1;
				DYLIB_CURRENT_VERSION = 1;
				DYLIB_INSTALL_NAME_BASE = "@rpath";
				ENABLE_BITCODE = NO;
				ENABLE_MODULE_VERIFIER = NO;
				ENABLE_USER_SCRIPT_SANDBOXING = NO;
				"EXCLUDED_ARCHS[sdk=iphoneos*]" = "$(inherited) armv7";
				"EXCLUDED_ARCHS[sdk=iphonesimulator*]" = "$(inherited) i386";
				"FRAMEWORK_SEARCH_PATHS[sdk=iphoneos*]" = (
					"\"/opt/homebrew/share/flutter/bin/cache/artifacts/engine/ios-release/Flutter.xcframework/ios-arm64\"",
					"$(inherited)",
				);
				"FRAMEWORK_SEARCH_PATHS[sdk=iphonesimulator*]" = (
					"\"/opt/homebrew/share/flutter/bin/cache/artifacts/engine/ios-release/Flutter.xcframework/ios-arm64_x86_64-simulator\"",
					"$(inherited)",
				);
				GCC_PREFIX_HEADER = "Target Support Files/spotify_sdk/spotify_sdk-prefix.pch";
				GENERATE_INFOPLIST_FILE = NO;
				INFOPLIST_FILE = "Target Support Files/spotify_sdk/spotify_sdk-Info.plist";
				INSTALL_PATH = "$(LOCAL_LIBRARY_DIR)/Frameworks";
				LD_RUNPATH_SEARCH_PATHS = (
					"$(inherited)",
					"@executable_path/Frameworks",
					"@loader_path/Frameworks",
				);
				MODULEMAP_FILE = "Target Support Files/spotify_sdk/spotify_sdk.modulemap";
				OTHER_LDFLAGS = (
					"$(inherited)",
					"-framework",
					Flutter,
				);
				PRODUCT_MODULE_NAME = spotify_sdk;
				PRODUCT_NAME = spotify_sdk;
				SDKROOT = iphoneos;
				SKIP_INSTALL = YES;
				SWIFT_ACTIVE_COMPILATION_CONDITIONS = "$(inherited) ";
				SWIFT_INSTALL_OBJC_HEADER = YES;
				SWIFT_VERSION = 5.0;
				TARGETED_DEVICE_FAMILY = "1,2";
				VALIDATE_PRODUCT = YES;
				"VALID_ARCHS[sdk=iphonesimulator*]" = "$(ARCHS_STANDARD)";
				VERSIONING_SYSTEM = "apple-generic";
				VERSION_INFO_PREFIX = "";
			};
			name = Profile;
		};
		37E3C8AB57E7D775C7A45FFECE71082F /* Release */ = {
			isa = XCBuildConfiguration;
			baseConfigurationReference = B703785507B22BAF0B800737429577EC /* Pods-Runner.release.xcconfig */;
			buildSettings = {
				ALWAYS_EMBED_SWIFT_STANDARD_LIBRARIES = NO;
				CLANG_ENABLE_OBJC_WEAK = NO;
				CLANG_WARN_QUOTED_INCLUDE_IN_FRAMEWORK_HEADER = NO;
				"CODE_SIGN_IDENTITY[sdk=appletvos*]" = "";
				"CODE_SIGN_IDENTITY[sdk=iphoneos*]" = "";
				"CODE_SIGN_IDENTITY[sdk=watchos*]" = "";
				CURRENT_PROJECT_VERSION = 1;
				DEFINES_MODULE = YES;
				DYLIB_COMPATIBILITY_VERSION = 1;
				DYLIB_CURRENT_VERSION = 1;
				DYLIB_INSTALL_NAME_BASE = "@rpath";
				ENABLE_BITCODE = NO;
				ENABLE_MODULE_VERIFIER = NO;
				ENABLE_USER_SCRIPT_SANDBOXING = NO;
				"EXCLUDED_ARCHS[sdk=iphoneos*]" = "$(inherited) armv7";
				"EXCLUDED_ARCHS[sdk=iphonesimulator*]" = "$(inherited) i386";
				"FRAMEWORK_SEARCH_PATHS[sdk=iphoneos*]" = (
					"\"/opt/homebrew/share/flutter/bin/cache/artifacts/engine/ios-release/Flutter.xcframework/ios-arm64\"",
					"$(inherited)",
				);
				"FRAMEWORK_SEARCH_PATHS[sdk=iphonesimulator*]" = (
					"\"/opt/homebrew/share/flutter/bin/cache/artifacts/engine/ios-release/Flutter.xcframework/ios-arm64_x86_64-simulator\"",
					"$(inherited)",
				);
				INFOPLIST_FILE = "Target Support Files/Pods-Runner/Pods-Runner-Info.plist";
				INSTALL_PATH = "$(LOCAL_LIBRARY_DIR)/Frameworks";
				IPHONEOS_DEPLOYMENT_TARGET = 13.0;
				LD_RUNPATH_SEARCH_PATHS = (
					"$(inherited)",
					"@executable_path/Frameworks",
					"@loader_path/Frameworks",
				);
				MACH_O_TYPE = staticlib;
				MODULEMAP_FILE = "Target Support Files/Pods-Runner/Pods-Runner.modulemap";
				OTHER_LDFLAGS = (
					"$(inherited)",
					"-framework",
					Flutter,
				);
				OTHER_LIBTOOLFLAGS = "";
				PODS_ROOT = "$(SRCROOT)";
				PRODUCT_BUNDLE_IDENTIFIER = "org.cocoapods.${PRODUCT_NAME:rfc1034identifier}";
				PRODUCT_NAME = "$(TARGET_NAME:c99extidentifier)";
				SDKROOT = iphoneos;
				SKIP_INSTALL = YES;
				TARGETED_DEVICE_FAMILY = "1,2";
				VALIDATE_PRODUCT = YES;
				"VALID_ARCHS[sdk=iphonesimulator*]" = "$(ARCHS_STANDARD)";
				VERSIONING_SYSTEM = "apple-generic";
				VERSION_INFO_PREFIX = "";
			};
			name = Release;
		};
		503C1EFFF98ABB8F379FAECB16E0AEE5 /* Profile */ = {
			isa = XCBuildConfiguration;
			buildSettings = {
				ALWAYS_SEARCH_USER_PATHS = NO;
				CLANG_ANALYZER_LOCALIZABILITY_NONLOCALIZED = YES;
				CLANG_ANALYZER_NONNULL = YES;
				CLANG_ANALYZER_NUMBER_OBJECT_CONVERSION = YES_AGGRESSIVE;
				CLANG_CXX_LANGUAGE_STANDARD = "gnu++14";
				CLANG_CXX_LIBRARY = "libc++";
				CLANG_ENABLE_MODULES = YES;
				CLANG_ENABLE_OBJC_ARC = YES;
				CLANG_ENABLE_OBJC_WEAK = YES;
				CLANG_WARN_BLOCK_CAPTURE_AUTORELEASING = YES;
				CLANG_WARN_BOOL_CONVERSION = YES;
				CLANG_WARN_COMMA = YES;
				CLANG_WARN_CONSTANT_CONVERSION = YES;
				CLANG_WARN_DEPRECATED_OBJC_IMPLEMENTATIONS = YES;
				CLANG_WARN_DIRECT_OBJC_ISA_USAGE = YES_ERROR;
				CLANG_WARN_DOCUMENTATION_COMMENTS = YES;
				CLANG_WARN_EMPTY_BODY = YES;
				CLANG_WARN_ENUM_CONVERSION = YES;
				CLANG_WARN_INFINITE_RECURSION = YES;
				CLANG_WARN_INT_CONVERSION = YES;
				CLANG_WARN_NON_LITERAL_NULL_CONVERSION = YES;
				CLANG_WARN_OBJC_IMPLICIT_RETAIN_SELF = YES;
				CLANG_WARN_OBJC_LITERAL_CONVERSION = YES;
				CLANG_WARN_OBJC_ROOT_CLASS = YES_ERROR;
				CLANG_WARN_QUOTED_INCLUDE_IN_FRAMEWORK_HEADER = YES;
				CLANG_WARN_RANGE_LOOP_ANALYSIS = YES;
				CLANG_WARN_STRICT_PROTOTYPES = YES;
				CLANG_WARN_SUSPICIOUS_MOVE = YES;
				CLANG_WARN_UNGUARDED_AVAILABILITY = YES_AGGRESSIVE;
				CLANG_WARN_UNREACHABLE_CODE = YES;
				CLANG_WARN__DUPLICATE_METHOD_MATCH = YES;
				COPY_PHASE_STRIP = NO;
				DEBUG_INFORMATION_FORMAT = "dwarf-with-dsym";
				ENABLE_NS_ASSERTIONS = NO;
				ENABLE_STRICT_OBJC_MSGSEND = YES;
				GCC_C_LANGUAGE_STANDARD = gnu11;
				GCC_NO_COMMON_BLOCKS = YES;
				GCC_PREPROCESSOR_DEFINITIONS = (
					"POD_CONFIGURATION_PROFILE=1",
					"$(inherited)",
				);
				GCC_WARN_64_TO_32_BIT_CONVERSION = YES;
				GCC_WARN_ABOUT_RETURN_TYPE = YES_ERROR;
				GCC_WARN_UNDECLARED_SELECTOR = YES;
				GCC_WARN_UNINITIALIZED_AUTOS = YES_AGGRESSIVE;
				GCC_WARN_UNUSED_FUNCTION = YES;
				GCC_WARN_UNUSED_VARIABLE = YES;
				IPHONEOS_DEPLOYMENT_TARGET = 13.0;
				MTL_ENABLE_DEBUG_INFO = NO;
				MTL_FAST_MATH = YES;
				PRODUCT_NAME = "$(TARGET_NAME)";
				STRIP_INSTALLED_PRODUCT = NO;
				SWIFT_COMPILATION_MODE = wholemodule;
				SWIFT_OPTIMIZATION_LEVEL = "-O";
				SWIFT_VERSION = 5.0;
				SYMROOT = "${SRCROOT}/../build";
			};
			name = Profile;
		};
		56D6E1C2D92D6DE3FF126A69D28B8575 /* Profile */ = {
			isa = XCBuildConfiguration;
			baseConfigurationReference = C50FD10CD19FF6999637BA5ECAF1681B /* Pods-Runner.profile.xcconfig */;
			buildSettings = {
				ALWAYS_EMBED_SWIFT_STANDARD_LIBRARIES = NO;
				CLANG_ENABLE_OBJC_WEAK = NO;
				CLANG_WARN_QUOTED_INCLUDE_IN_FRAMEWORK_HEADER = NO;
				"CODE_SIGN_IDENTITY[sdk=appletvos*]" = "";
				"CODE_SIGN_IDENTITY[sdk=iphoneos*]" = "";
				"CODE_SIGN_IDENTITY[sdk=watchos*]" = "";
				CURRENT_PROJECT_VERSION = 1;
				DEFINES_MODULE = YES;
				DYLIB_COMPATIBILITY_VERSION = 1;
				DYLIB_CURRENT_VERSION = 1;
				DYLIB_INSTALL_NAME_BASE = "@rpath";
				ENABLE_BITCODE = NO;
				ENABLE_MODULE_VERIFIER = NO;
				ENABLE_USER_SCRIPT_SANDBOXING = NO;
				"EXCLUDED_ARCHS[sdk=iphoneos*]" = "$(inherited) armv7";
				"EXCLUDED_ARCHS[sdk=iphonesimulator*]" = "$(inherited) i386";
				"FRAMEWORK_SEARCH_PATHS[sdk=iphoneos*]" = (
					"\"/opt/homebrew/share/flutter/bin/cache/artifacts/engine/ios-release/Flutter.xcframework/ios-arm64\"",
					"$(inherited)",
				);
				"FRAMEWORK_SEARCH_PATHS[sdk=iphonesimulator*]" = (
					"\"/opt/homebrew/share/flutter/bin/cache/artifacts/engine/ios-release/Flutter.xcframework/ios-arm64_x86_64-simulator\"",
					"$(inherited)",
				);
				INFOPLIST_FILE = "Target Support Files/Pods-Runner/Pods-Runner-Info.plist";
				INSTALL_PATH = "$(LOCAL_LIBRARY_DIR)/Frameworks";
				IPHONEOS_DEPLOYMENT_TARGET = 13.0;
				LD_RUNPATH_SEARCH_PATHS = (
					"$(inherited)",
					"@executable_path/Frameworks",
					"@loader_path/Frameworks",
				);
				MACH_O_TYPE = staticlib;
				MODULEMAP_FILE = "Target Support Files/Pods-Runner/Pods-Runner.modulemap";
				OTHER_LDFLAGS = (
					"$(inherited)",
					"-framework",
					Flutter,
				);
				OTHER_LIBTOOLFLAGS = "";
				PODS_ROOT = "$(SRCROOT)";
				PRODUCT_BUNDLE_IDENTIFIER = "org.cocoapods.${PRODUCT_NAME:rfc1034identifier}";
				PRODUCT_NAME = "$(TARGET_NAME:c99extidentifier)";
				SDKROOT = iphoneos;
				SKIP_INSTALL = YES;
				TARGETED_DEVICE_FAMILY = "1,2";
				VALIDATE_PRODUCT = YES;
				"VALID_ARCHS[sdk=iphonesimulator*]" = "$(ARCHS_STANDARD)";
				VERSIONING_SYSTEM = "apple-generic";
				VERSION_INFO_PREFIX = "";
			};
			name = Profile;
		};
		66AB2934750D40AD8076557987F1C242 /* Debug */ = {
			isa = XCBuildConfiguration;
			baseConfigurationReference = 15164FA3916FAA9F0A55F6DCDD61111F /* Flutter.debug.xcconfig */;
			buildSettings = {
				ASSETCATALOG_COMPILER_APPICON_NAME = AppIcon;
				ASSETCATALOG_COMPILER_GLOBAL_ACCENT_COLOR_NAME = AccentColor;
				CLANG_ENABLE_OBJC_WEAK = NO;
				CLANG_WARN_QUOTED_INCLUDE_IN_FRAMEWORK_HEADER = NO;
				ENABLE_USER_SCRIPT_SANDBOXING = NO;
				IPHONEOS_DEPLOYMENT_TARGET = 13.0;
				LD_RUNPATH_SEARCH_PATHS = (
					"$(inherited)",
					"@executable_path/Frameworks",
				);
				ONLY_ACTIVE_ARCH = NO;
				SDKROOT = iphoneos;
				TARGETED_DEVICE_FAMILY = "1,2";
			};
			name = Debug;
		};
		698D45E0EE83EFE2CC3677B4D166B528 /* Debug */ = {
			isa = XCBuildConfiguration;
			baseConfigurationReference = 07D56A26B88DFE7AE12C636D813D280B /* spotify_sdk.debug.xcconfig */;
			buildSettings = {
				CLANG_ENABLE_OBJC_WEAK = NO;
				CLANG_WARN_QUOTED_INCLUDE_IN_FRAMEWORK_HEADER = NO;
				"CODE_SIGN_IDENTITY[sdk=appletvos*]" = "";
				"CODE_SIGN_IDENTITY[sdk=iphoneos*]" = "";
				"CODE_SIGN_IDENTITY[sdk=watchos*]" = "";
				CURRENT_PROJECT_VERSION = 1;
				DYLIB_COMPATIBILITY_VERSION = 1;
				DYLIB_CURRENT_VERSION = 1;
				DYLIB_INSTALL_NAME_BASE = "@rpath";
				ENABLE_BITCODE = NO;
				ENABLE_MODULE_VERIFIER = NO;
				ENABLE_USER_SCRIPT_SANDBOXING = NO;
				"EXCLUDED_ARCHS[sdk=iphoneos*]" = "$(inherited) armv7";
				"EXCLUDED_ARCHS[sdk=iphonesimulator*]" = "$(inherited) i386";
				"FRAMEWORK_SEARCH_PATHS[sdk=iphoneos*]" = (
					"\"/opt/homebrew/share/flutter/bin/cache/artifacts/engine/ios/Flutter.xcframework/ios-arm64\"",
					"$(inherited)",
				);
				"FRAMEWORK_SEARCH_PATHS[sdk=iphonesimulator*]" = (
					"\"/opt/homebrew/share/flutter/bin/cache/artifacts/engine/ios/Flutter.xcframework/ios-arm64_x86_64-simulator\"",
					"$(inherited)",
				);
				GCC_PREFIX_HEADER = "Target Support Files/spotify_sdk/spotify_sdk-prefix.pch";
				GENERATE_INFOPLIST_FILE = NO;
				INFOPLIST_FILE = "Target Support Files/spotify_sdk/spotify_sdk-Info.plist";
				INSTALL_PATH = "$(LOCAL_LIBRARY_DIR)/Frameworks";
				LD_RUNPATH_SEARCH_PATHS = (
					"$(inherited)",
					"@executable_path/Frameworks",
					"@loader_path/Frameworks",
				);
				MODULEMAP_FILE = "Target Support Files/spotify_sdk/spotify_sdk.modulemap";
				ONLY_ACTIVE_ARCH = NO;
				OTHER_LDFLAGS = (
					"$(inherited)",
					"-framework",
					Flutter,
				);
				PRODUCT_MODULE_NAME = spotify_sdk;
				PRODUCT_NAME = spotify_sdk;
				SDKROOT = iphoneos;
				SKIP_INSTALL = YES;
				SWIFT_ACTIVE_COMPILATION_CONDITIONS = "$(inherited) ";
				SWIFT_INSTALL_OBJC_HEADER = YES;
				SWIFT_VERSION = 5.0;
				TARGETED_DEVICE_FAMILY = "1,2";
				"VALID_ARCHS[sdk=iphonesimulator*]" = "$(ARCHS_STANDARD)";
				VERSIONING_SYSTEM = "apple-generic";
				VERSION_INFO_PREFIX = "";
			};
			name = Debug;
		};
		8DE5143C03248BB6CD542DE3963D6F3A /* Debug */ = {
			isa = XCBuildConfiguration;
			buildSettings = {
				ALWAYS_SEARCH_USER_PATHS = NO;
				CLANG_ANALYZER_LOCALIZABILITY_NONLOCALIZED = YES;
				CLANG_ANALYZER_NONNULL = YES;
				CLANG_ANALYZER_NUMBER_OBJECT_CONVERSION = YES_AGGRESSIVE;
				CLANG_CXX_LANGUAGE_STANDARD = "gnu++14";
				CLANG_CXX_LIBRARY = "libc++";
				CLANG_ENABLE_MODULES = YES;
				CLANG_ENABLE_OBJC_ARC = YES;
				CLANG_ENABLE_OBJC_WEAK = YES;
				CLANG_WARN_BLOCK_CAPTURE_AUTORELEASING = YES;
				CLANG_WARN_BOOL_CONVERSION = YES;
				CLANG_WARN_COMMA = YES;
				CLANG_WARN_CONSTANT_CONVERSION = YES;
				CLANG_WARN_DEPRECATED_OBJC_IMPLEMENTATIONS = YES;
				CLANG_WARN_DIRECT_OBJC_ISA_USAGE = YES_ERROR;
				CLANG_WARN_DOCUMENTATION_COMMENTS = YES;
				CLANG_WARN_EMPTY_BODY = YES;
				CLANG_WARN_ENUM_CONVERSION = YES;
				CLANG_WARN_INFINITE_RECURSION = YES;
				CLANG_WARN_INT_CONVERSION = YES;
				CLANG_WARN_NON_LITERAL_NULL_CONVERSION = YES;
				CLANG_WARN_OBJC_IMPLICIT_RETAIN_SELF = YES;
				CLANG_WARN_OBJC_LITERAL_CONVERSION = YES;
				CLANG_WARN_OBJC_ROOT_CLASS = YES_ERROR;
				CLANG_WARN_QUOTED_INCLUDE_IN_FRAMEWORK_HEADER = YES;
				CLANG_WARN_RANGE_LOOP_ANALYSIS = YES;
				CLANG_WARN_STRICT_PROTOTYPES = YES;
				CLANG_WARN_SUSPICIOUS_MOVE = YES;
				CLANG_WARN_UNGUARDED_AVAILABILITY = YES_AGGRESSIVE;
				CLANG_WARN_UNREACHABLE_CODE = YES;
				CLANG_WARN__DUPLICATE_METHOD_MATCH = YES;
				COPY_PHASE_STRIP = NO;
				DEBUG_INFORMATION_FORMAT = dwarf;
				ENABLE_STRICT_OBJC_MSGSEND = YES;
				ENABLE_TESTABILITY = YES;
				GCC_C_LANGUAGE_STANDARD = gnu11;
				GCC_DYNAMIC_NO_PIC = NO;
				GCC_NO_COMMON_BLOCKS = YES;
				GCC_OPTIMIZATION_LEVEL = 0;
				GCC_PREPROCESSOR_DEFINITIONS = (
					"POD_CONFIGURATION_DEBUG=1",
					"DEBUG=1",
					"$(inherited)",
				);
				GCC_WARN_64_TO_32_BIT_CONVERSION = YES;
				GCC_WARN_ABOUT_RETURN_TYPE = YES_ERROR;
				GCC_WARN_UNDECLARED_SELECTOR = YES;
				GCC_WARN_UNINITIALIZED_AUTOS = YES_AGGRESSIVE;
				GCC_WARN_UNUSED_FUNCTION = YES;
				GCC_WARN_UNUSED_VARIABLE = YES;
				IPHONEOS_DEPLOYMENT_TARGET = 13.0;
				MTL_ENABLE_DEBUG_INFO = INCLUDE_SOURCE;
				MTL_FAST_MATH = YES;
				ONLY_ACTIVE_ARCH = YES;
				PRODUCT_NAME = "$(TARGET_NAME)";
				STRIP_INSTALLED_PRODUCT = NO;
				SWIFT_ACTIVE_COMPILATION_CONDITIONS = DEBUG;
				SWIFT_OPTIMIZATION_LEVEL = "-Onone";
				SWIFT_VERSION = 5.0;
				SYMROOT = "${SRCROOT}/../build";
			};
			name = Debug;
		};
		9E406C6AAF85E580207CD97B0044DEAB /* Release */ = {
			isa = XCBuildConfiguration;
			buildSettings = {
				ALWAYS_SEARCH_USER_PATHS = NO;
				CLANG_ANALYZER_LOCALIZABILITY_NONLOCALIZED = YES;
				CLANG_ANALYZER_NONNULL = YES;
				CLANG_ANALYZER_NUMBER_OBJECT_CONVERSION = YES_AGGRESSIVE;
				CLANG_CXX_LANGUAGE_STANDARD = "gnu++14";
				CLANG_CXX_LIBRARY = "libc++";
				CLANG_ENABLE_MODULES = YES;
				CLANG_ENABLE_OBJC_ARC = YES;
				CLANG_ENABLE_OBJC_WEAK = YES;
				CLANG_WARN_BLOCK_CAPTURE_AUTORELEASING = YES;
				CLANG_WARN_BOOL_CONVERSION = YES;
				CLANG_WARN_COMMA = YES;
				CLANG_WARN_CONSTANT_CONVERSION = YES;
				CLANG_WARN_DEPRECATED_OBJC_IMPLEMENTATIONS = YES;
				CLANG_WARN_DIRECT_OBJC_ISA_USAGE = YES_ERROR;
				CLANG_WARN_DOCUMENTATION_COMMENTS = YES;
				CLANG_WARN_EMPTY_BODY = YES;
				CLANG_WARN_ENUM_CONVERSION = YES;
				CLANG_WARN_INFINITE_RECURSION = YES;
				CLANG_WARN_INT_CONVERSION = YES;
				CLANG_WARN_NON_LITERAL_NULL_CONVERSION = YES;
				CLANG_WARN_OBJC_IMPLICIT_RETAIN_SELF = YES;
				CLANG_WARN_OBJC_LITERAL_CONVERSION = YES;
				CLANG_WARN_OBJC_ROOT_CLASS = YES_ERROR;
				CLANG_WARN_QUOTED_INCLUDE_IN_FRAMEWORK_HEADER = YES;
				CLANG_WARN_RANGE_LOOP_ANALYSIS = YES;
				CLANG_WARN_STRICT_PROTOTYPES = YES;
				CLANG_WARN_SUSPICIOUS_MOVE = YES;
				CLANG_WARN_UNGUARDED_AVAILABILITY = YES_AGGRESSIVE;
				CLANG_WARN_UNREACHABLE_CODE = YES;
				CLANG_WARN__DUPLICATE_METHOD_MATCH = YES;
				COPY_PHASE_STRIP = NO;
				DEBUG_INFORMATION_FORMAT = "dwarf-with-dsym";
				ENABLE_NS_ASSERTIONS = NO;
				ENABLE_STRICT_OBJC_MSGSEND = YES;
				GCC_C_LANGUAGE_STANDARD = gnu11;
				GCC_NO_COMMON_BLOCKS = YES;
				GCC_PREPROCESSOR_DEFINITIONS = (
					"POD_CONFIGURATION_RELEASE=1",
					"$(inherited)",
				);
				GCC_WARN_64_TO_32_BIT_CONVERSION = YES;
				GCC_WARN_ABOUT_RETURN_TYPE = YES_ERROR;
				GCC_WARN_UNDECLARED_SELECTOR = YES;
				GCC_WARN_UNINITIALIZED_AUTOS = YES_AGGRESSIVE;
				GCC_WARN_UNUSED_FUNCTION = YES;
				GCC_WARN_UNUSED_VARIABLE = YES;
				IPHONEOS_DEPLOYMENT_TARGET = 13.0;
				MTL_ENABLE_DEBUG_INFO = NO;
				MTL_FAST_MATH = YES;
				PRODUCT_NAME = "$(TARGET_NAME)";
				STRIP_INSTALLED_PRODUCT = NO;
				SWIFT_COMPILATION_MODE = wholemodule;
				SWIFT_OPTIMIZATION_LEVEL = "-O";
				SWIFT_VERSION = 5.0;
				SYMROOT = "${SRCROOT}/../build";
			};
			name = Release;
		};
		B037CE77FDFCF8512BC2FCE5E90E788A /* Profile */ = {
			isa = XCBuildConfiguration;
			baseConfigurationReference = E736E0C9C5B73D27B8865E363E2108AC /* Pods-RunnerTests.profile.xcconfig */;
			buildSettings = {
				ALWAYS_EMBED_SWIFT_STANDARD_LIBRARIES = NO;
				CLANG_ENABLE_OBJC_WEAK = NO;
				CLANG_WARN_QUOTED_INCLUDE_IN_FRAMEWORK_HEADER = NO;
				"CODE_SIGN_IDENTITY[sdk=appletvos*]" = "";
				"CODE_SIGN_IDENTITY[sdk=iphoneos*]" = "";
				"CODE_SIGN_IDENTITY[sdk=watchos*]" = "";
				CURRENT_PROJECT_VERSION = 1;
				DEFINES_MODULE = YES;
				DYLIB_COMPATIBILITY_VERSION = 1;
				DYLIB_CURRENT_VERSION = 1;
				DYLIB_INSTALL_NAME_BASE = "@rpath";
				ENABLE_BITCODE = NO;
				ENABLE_MODULE_VERIFIER = NO;
				ENABLE_USER_SCRIPT_SANDBOXING = NO;
				"EXCLUDED_ARCHS[sdk=iphoneos*]" = "$(inherited) armv7";
				"EXCLUDED_ARCHS[sdk=iphonesimulator*]" = "$(inherited) i386";
				"FRAMEWORK_SEARCH_PATHS[sdk=iphoneos*]" = (
					"\"/opt/homebrew/share/flutter/bin/cache/artifacts/engine/ios-release/Flutter.xcframework/ios-arm64\"",
					"$(inherited)",
				);
				"FRAMEWORK_SEARCH_PATHS[sdk=iphonesimulator*]" = (
					"\"/opt/homebrew/share/flutter/bin/cache/artifacts/engine/ios-release/Flutter.xcframework/ios-arm64_x86_64-simulator\"",
					"$(inherited)",
				);
				INFOPLIST_FILE = "Target Support Files/Pods-RunnerTests/Pods-RunnerTests-Info.plist";
				INSTALL_PATH = "$(LOCAL_LIBRARY_DIR)/Frameworks";
				IPHONEOS_DEPLOYMENT_TARGET = 13.0;
				LD_RUNPATH_SEARCH_PATHS = (
					"$(inherited)",
					"@executable_path/Frameworks",
					"@loader_path/Frameworks",
				);
				MACH_O_TYPE = staticlib;
				MODULEMAP_FILE = "Target Support Files/Pods-RunnerTests/Pods-RunnerTests.modulemap";
				OTHER_LDFLAGS = (
					"$(inherited)",
					"-framework",
					Flutter,
				);
				OTHER_LIBTOOLFLAGS = "";
				PODS_ROOT = "$(SRCROOT)";
				PRODUCT_BUNDLE_IDENTIFIER = "org.cocoapods.${PRODUCT_NAME:rfc1034identifier}";
				PRODUCT_NAME = "$(TARGET_NAME:c99extidentifier)";
				SDKROOT = iphoneos;
				SKIP_INSTALL = YES;
				TARGETED_DEVICE_FAMILY = "1,2";
				VALIDATE_PRODUCT = YES;
				"VALID_ARCHS[sdk=iphonesimulator*]" = "$(ARCHS_STANDARD)";
				VERSIONING_SYSTEM = "apple-generic";
				VERSION_INFO_PREFIX = "";
			};
			name = Profile;
		};
		B86F7DBE7C3708E6790AF0A7ADFA30B8 /* Release */ = {
			isa = XCBuildConfiguration;
			baseConfigurationReference = AC8FE152530FBDCE460186B326C1A8FB /* Pods-RunnerTests.release.xcconfig */;
			buildSettings = {
				ALWAYS_EMBED_SWIFT_STANDARD_LIBRARIES = NO;
				CLANG_ENABLE_OBJC_WEAK = NO;
				CLANG_WARN_QUOTED_INCLUDE_IN_FRAMEWORK_HEADER = NO;
				"CODE_SIGN_IDENTITY[sdk=appletvos*]" = "";
				"CODE_SIGN_IDENTITY[sdk=iphoneos*]" = "";
				"CODE_SIGN_IDENTITY[sdk=watchos*]" = "";
				CURRENT_PROJECT_VERSION = 1;
				DEFINES_MODULE = YES;
				DYLIB_COMPATIBILITY_VERSION = 1;
				DYLIB_CURRENT_VERSION = 1;
				DYLIB_INSTALL_NAME_BASE = "@rpath";
				ENABLE_BITCODE = NO;
				ENABLE_MODULE_VERIFIER = NO;
				ENABLE_USER_SCRIPT_SANDBOXING = NO;
				"EXCLUDED_ARCHS[sdk=iphoneos*]" = "$(inherited) armv7";
				"EXCLUDED_ARCHS[sdk=iphonesimulator*]" = "$(inherited) i386";
				"FRAMEWORK_SEARCH_PATHS[sdk=iphoneos*]" = (
					"\"/opt/homebrew/share/flutter/bin/cache/artifacts/engine/ios-release/Flutter.xcframework/ios-arm64\"",
					"$(inherited)",
				);
				"FRAMEWORK_SEARCH_PATHS[sdk=iphonesimulator*]" = (
					"\"/opt/homebrew/share/flutter/bin/cache/artifacts/engine/ios-release/Flutter.xcframework/ios-arm64_x86_64-simulator\"",
					"$(inherited)",
				);
				INFOPLIST_FILE = "Target Support Files/Pods-RunnerTests/Pods-RunnerTests-Info.plist";
				INSTALL_PATH = "$(LOCAL_LIBRARY_DIR)/Frameworks";
				IPHONEOS_DEPLOYMENT_TARGET = 13.0;
				LD_RUNPATH_SEARCH_PATHS = (
					"$(inherited)",
					"@executable_path/Frameworks",
					"@loader_path/Frameworks",
				);
				MACH_O_TYPE = staticlib;
				MODULEMAP_FILE = "Target Support Files/Pods-RunnerTests/Pods-RunnerTests.modulemap";
				OTHER_LDFLAGS = (
					"$(inherited)",
					"-framework",
					Flutter,
				);
				OTHER_LIBTOOLFLAGS = "";
				PODS_ROOT = "$(SRCROOT)";
				PRODUCT_BUNDLE_IDENTIFIER = "org.cocoapods.${PRODUCT_NAME:rfc1034identifier}";
				PRODUCT_NAME = "$(TARGET_NAME:c99extidentifier)";
				SDKROOT = iphoneos;
				SKIP_INSTALL = YES;
				TARGETED_DEVICE_FAMILY = "1,2";
				VALIDATE_PRODUCT = YES;
				"VALID_ARCHS[sdk=iphonesimulator*]" = "$(ARCHS_STANDARD)";
				VERSIONING_SYSTEM = "apple-generic";
				VERSION_INFO_PREFIX = "";
			};
			name = Release;
		};
		B90F9ECA1CF6F4B009B3F630F29E5FEC /* Release */ = {
			isa = XCBuildConfiguration;
			baseConfigurationReference = 1D2A091C897455CC16D7763CBAE871DC /* Flutter.release.xcconfig */;
			buildSettings = {
				ASSETCATALOG_COMPILER_APPICON_NAME = AppIcon;
				ASSETCATALOG_COMPILER_GLOBAL_ACCENT_COLOR_NAME = AccentColor;
				CLANG_ENABLE_OBJC_WEAK = NO;
				CLANG_WARN_QUOTED_INCLUDE_IN_FRAMEWORK_HEADER = NO;
				ENABLE_USER_SCRIPT_SANDBOXING = NO;
				IPHONEOS_DEPLOYMENT_TARGET = 13.0;
				LD_RUNPATH_SEARCH_PATHS = (
					"$(inherited)",
					"@executable_path/Frameworks",
				);
				SDKROOT = iphoneos;
				TARGETED_DEVICE_FAMILY = "1,2";
				VALIDATE_PRODUCT = YES;
			};
			name = Release;
		};
		ECADC3DA3CA35C50136F729EA9ECE827 /* Profile */ = {
			isa = XCBuildConfiguration;
			baseConfigurationReference = 1D2A091C897455CC16D7763CBAE871DC /* Flutter.release.xcconfig */;
			buildSettings = {
				ASSETCATALOG_COMPILER_APPICON_NAME = AppIcon;
				ASSETCATALOG_COMPILER_GLOBAL_ACCENT_COLOR_NAME = AccentColor;
				CLANG_ENABLE_OBJC_WEAK = NO;
				CLANG_WARN_QUOTED_INCLUDE_IN_FRAMEWORK_HEADER = NO;
				ENABLE_USER_SCRIPT_SANDBOXING = NO;
				IPHONEOS_DEPLOYMENT_TARGET = 13.0;
				LD_RUNPATH_SEARCH_PATHS = (
					"$(inherited)",
					"@executable_path/Frameworks",
				);
				SDKROOT = iphoneos;
				TARGETED_DEVICE_FAMILY = "1,2";
				VALIDATE_PRODUCT = YES;
			};
			name = Profile;
		};
		FC78343E81C0B50C3D49F81C02C435F5 /* Debug */ = {
			isa = XCBuildConfiguration;
			baseConfigurationReference = 728A5ED1DD60BAC8C8F382A87B976F84 /* Pods-Runner.debug.xcconfig */;
			buildSettings = {
				ALWAYS_EMBED_SWIFT_STANDARD_LIBRARIES = NO;
				CLANG_ENABLE_OBJC_WEAK = NO;
				CLANG_WARN_QUOTED_INCLUDE_IN_FRAMEWORK_HEADER = NO;
				"CODE_SIGN_IDENTITY[sdk=appletvos*]" = "";
				"CODE_SIGN_IDENTITY[sdk=iphoneos*]" = "";
				"CODE_SIGN_IDENTITY[sdk=watchos*]" = "";
				CURRENT_PROJECT_VERSION = 1;
				DEFINES_MODULE = YES;
				DYLIB_COMPATIBILITY_VERSION = 1;
				DYLIB_CURRENT_VERSION = 1;
				DYLIB_INSTALL_NAME_BASE = "@rpath";
				ENABLE_BITCODE = NO;
				ENABLE_MODULE_VERIFIER = NO;
				ENABLE_USER_SCRIPT_SANDBOXING = NO;
				"EXCLUDED_ARCHS[sdk=iphoneos*]" = "$(inherited) armv7";
				"EXCLUDED_ARCHS[sdk=iphonesimulator*]" = "$(inherited) i386";
				"FRAMEWORK_SEARCH_PATHS[sdk=iphoneos*]" = (
					"\"/opt/homebrew/share/flutter/bin/cache/artifacts/engine/ios/Flutter.xcframework/ios-arm64\"",
					"$(inherited)",
				);
				"FRAMEWORK_SEARCH_PATHS[sdk=iphonesimulator*]" = (
					"\"/opt/homebrew/share/flutter/bin/cache/artifacts/engine/ios/Flutter.xcframework/ios-arm64_x86_64-simulator\"",
					"$(inherited)",
				);
				INFOPLIST_FILE = "Target Support Files/Pods-Runner/Pods-Runner-Info.plist";
				INSTALL_PATH = "$(LOCAL_LIBRARY_DIR)/Frameworks";
				IPHONEOS_DEPLOYMENT_TARGET = 13.0;
				LD_RUNPATH_SEARCH_PATHS = (
					"$(inherited)",
					"@executable_path/Frameworks",
					"@loader_path/Frameworks",
				);
				MACH_O_TYPE = staticlib;
				MODULEMAP_FILE = "Target Support Files/Pods-Runner/Pods-Runner.modulemap";
				ONLY_ACTIVE_ARCH = NO;
				OTHER_LDFLAGS = (
					"$(inherited)",
					"-framework",
					Flutter,
				);
				OTHER_LIBTOOLFLAGS = "";
				PODS_ROOT = "$(SRCROOT)";
				PRODUCT_BUNDLE_IDENTIFIER = "org.cocoapods.${PRODUCT_NAME:rfc1034identifier}";
				PRODUCT_NAME = "$(TARGET_NAME:c99extidentifier)";
				SDKROOT = iphoneos;
				SKIP_INSTALL = YES;
				TARGETED_DEVICE_FAMILY = "1,2";
				"VALID_ARCHS[sdk=iphonesimulator*]" = "$(ARCHS_STANDARD)";
				VERSIONING_SYSTEM = "apple-generic";
				VERSION_INFO_PREFIX = "";
			};
			name = Debug;
		};
		FF63DF3DBC1BFF8CCC0F65DB118CFA91 /* Release */ = {
			isa = XCBuildConfiguration;
			baseConfigurationReference = 4443AB2002214DB41E444FEFFD7E9107 /* spotify_sdk.release.xcconfig */;
			buildSettings = {
				CLANG_ENABLE_OBJC_WEAK = NO;
				CLANG_WARN_QUOTED_INCLUDE_IN_FRAMEWORK_HEADER = NO;
				"CODE_SIGN_IDENTITY[sdk=appletvos*]" = "";
				"CODE_SIGN_IDENTITY[sdk=iphoneos*]" = "";
				"CODE_SIGN_IDENTITY[sdk=watchos*]" = "";
				CURRENT_PROJECT_VERSION = 1;
				DYLIB_COMPATIBILITY_VERSION = 1;
				DYLIB_CURRENT_VERSION = 1;
				DYLIB_INSTALL_NAME_BASE = "@rpath";
				ENABLE_BITCODE = NO;
				ENABLE_MODULE_VERIFIER = NO;
				ENABLE_USER_SCRIPT_SANDBOXING = NO;
				"EXCLUDED_ARCHS[sdk=iphoneos*]" = "$(inherited) armv7";
				"EXCLUDED_ARCHS[sdk=iphonesimulator*]" = "$(inherited) i386";
				"FRAMEWORK_SEARCH_PATHS[sdk=iphoneos*]" = (
					"\"/opt/homebrew/share/flutter/bin/cache/artifacts/engine/ios-release/Flutter.xcframework/ios-arm64\"",
					"$(inherited)",
				);
				"FRAMEWORK_SEARCH_PATHS[sdk=iphonesimulator*]" = (
					"\"/opt/homebrew/share/flutter/bin/cache/artifacts/engine/ios-release/Flutter.xcframework/ios-arm64_x86_64-simulator\"",
					"$(inherited)",
				);
				GCC_PREFIX_HEADER = "Target Support Files/spotify_sdk/spotify_sdk-prefix.pch";
				GENERATE_INFOPLIST_FILE = NO;
				INFOPLIST_FILE = "Target Support Files/spotify_sdk/spotify_sdk-Info.plist";
				INSTALL_PATH = "$(LOCAL_LIBRARY_DIR)/Frameworks";
				LD_RUNPATH_SEARCH_PATHS = (
					"$(inherited)",
					"@executable_path/Frameworks",
					"@loader_path/Frameworks",
				);
				MODULEMAP_FILE = "Target Support Files/spotify_sdk/spotify_sdk.modulemap";
				OTHER_LDFLAGS = (
					"$(inherited)",
					"-framework",
					Flutter,
				);
				PRODUCT_MODULE_NAME = spotify_sdk;
				PRODUCT_NAME = spotify_sdk;
				SDKROOT = iphoneos;
				SKIP_INSTALL = YES;
				SWIFT_ACTIVE_COMPILATION_CONDITIONS = "$(inherited) ";
				SWIFT_INSTALL_OBJC_HEADER = YES;
				SWIFT_VERSION = 5.0;
				TARGETED_DEVICE_FAMILY = "1,2";
				VALIDATE_PRODUCT = YES;
				"VALID_ARCHS[sdk=iphonesimulator*]" = "$(ARCHS_STANDARD)";
				VERSIONING_SYSTEM = "apple-generic";
				VERSION_INFO_PREFIX = "";
			};
			name = Release;
		};
/* End XCBuildConfiguration section */

/* Begin XCConfigurationList section */
		4821239608C13582E20E6DA73FD5F1F9 /* Build configuration list for PBXProject "Pods" */ = {
			isa = XCConfigurationList;
			buildConfigurations = (
				8DE5143C03248BB6CD542DE3963D6F3A /* Debug */,
				503C1EFFF98ABB8F379FAECB16E0AEE5 /* Profile */,
				9E406C6AAF85E580207CD97B0044DEAB /* Release */,
			);
			defaultConfigurationIsVisible = 0;
			defaultConfigurationName = Release;
		};
		6846B51892D55861D9771183B47B2A77 /* Build configuration list for PBXNativeTarget "Pods-Runner" */ = {
			isa = XCConfigurationList;
			buildConfigurations = (
				FC78343E81C0B50C3D49F81C02C435F5 /* Debug */,
				56D6E1C2D92D6DE3FF126A69D28B8575 /* Profile */,
				37E3C8AB57E7D775C7A45FFECE71082F /* Release */,
			);
			defaultConfigurationIsVisible = 0;
			defaultConfigurationName = Release;
		};
		90DE3E43D77EAA55BEB86A5199101488 /* Build configuration list for PBXNativeTarget "spotify_sdk" */ = {
			isa = XCConfigurationList;
			buildConfigurations = (
				698D45E0EE83EFE2CC3677B4D166B528 /* Debug */,
				31BA3D79D4364DD732F24DAFD24992DC /* Profile */,
				FF63DF3DBC1BFF8CCC0F65DB118CFA91 /* Release */,
			);
			defaultConfigurationIsVisible = 0;
			defaultConfigurationName = Release;
		};
		94078A06C17E946ADC1F2C06726219E5 /* Build configuration list for PBXAggregateTarget "Flutter" */ = {
			isa = XCConfigurationList;
			buildConfigurations = (
				66AB2934750D40AD8076557987F1C242 /* Debug */,
				ECADC3DA3CA35C50136F729EA9ECE827 /* Profile */,
				B90F9ECA1CF6F4B009B3F630F29E5FEC /* Release */,
			);
			defaultConfigurationIsVisible = 0;
			defaultConfigurationName = Release;
		};
		D52099AA1537D0F3745166E1889F6CA3 /* Build configuration list for PBXNativeTarget "Pods-RunnerTests" */ = {
			isa = XCConfigurationList;
			buildConfigurations = (
				077C7C76734FD6F7B076FA38B24A9923 /* Debug */,
				B037CE77FDFCF8512BC2FCE5E90E788A /* Profile */,
				B86F7DBE7C3708E6790AF0A7ADFA30B8 /* Release */,
			);
			defaultConfigurationIsVisible = 0;
			defaultConfigurationName = Release;
		};
/* End XCConfigurationList section */
	};
	rootObject = BFDFE7DC352907FC980B868725387E98 /* Project object */;
}
